{
  "name": "shadow-priest-mop",
  "version": "1.0.0",
  "lockfileVersion": 3,
  "requires": true,
  "packages": {
    "": {
      "name": "shadow-priest-mop",
      "version": "1.0.0",
      "license": "MIT",
      "dependencies": {
        "@arcjet/node": "^1.0.0-beta",
        "node-fetch": "^2.6.7"
      }
    },
    "node_modules/@arcjet/analyze": {
      "version": "1.0.0-beta.17",
      "resolved": "https://registry.npmjs.org/@arcjet/analyze/-/analyze-1.0.0-beta.17.tgz",
      "integrity": "sha512-avn1IIG8xb3zpefqWwNUu/EkrHHqTlTBCkvKo1taBXhUsu7uk7/+e1+Pj8Jngmkcvu+1Ww0olMoVtvycIQfwpw==",
      "license": "Apache-2.0",
      "dependencies": {
        "@arcjet/analyze-wasm": "1.0.0-beta.17",
        "@arcjet/protocol": "1.0.0-beta.17"
      },
      "engines": {
        "node": ">=20"
      }
    },
    "node_modules/@arcjet/analyze-wasm": {
      "version": "1.0.0-beta.17",
      "resolved": "https://registry.npmjs.org/@arcjet/analyze-wasm/-/analyze-wasm-1.0.0-beta.17.tgz",
      "integrity": "sha512-E1m1zStsOYv3yH8zyFKaSV43ki50KeVFoBoPET5ZWcd2t6K5xFmbVZzGmdVD4okarehz84INAs8ogTKW/ljBlg==",
      "license": "Apache-2.0",
      "engines": {
        "node": ">=20"
      }
    },
    "node_modules/@arcjet/body": {
      "version": "1.0.0-beta.17",
      "resolved": "https://registry.npmjs.org/@arcjet/body/-/body-1.0.0-beta.17.tgz",
      "integrity": "sha512-XjrbtIXIkHxPq5vepnv2IZmz1Tpjb66GMs016yDJGIsummQMiKk07qcyr2VecdUd/lfa/cjGGOjFHKGpQaqMmg==",
      "license": "Apache-2.0",
      "engines": {
        "node": ">=20"
      }
    },
    "node_modules/@arcjet/cache": {
      "version": "1.0.0-beta.17",
      "resolved": "https://registry.npmjs.org/@arcjet/cache/-/cache-1.0.0-beta.17.tgz",
      "integrity": "sha512-rDxuyo/iU+gJReuKzG5fvbxpXSzV6K+9kbFXQfrw9j4Zf0ZU8K71H1TXw5OJVqXZAEAXsLe2f+BUVh2Ie0hPPQ==",
      "license": "Apache-2.0",
      "engines": {
        "node": ">=20"
      }
    },
    "node_modules/@arcjet/duration": {
      "version": "1.0.0-beta.17",
      "resolved": "https://registry.npmjs.org/@arcjet/duration/-/duration-1.0.0-beta.17.tgz",
      "integrity": "sha512-YolR+ZGc+eBPwsOI20kOfUrDil3jHMsMMjp5/cgA2UG94jovWJ4BPTt8KR76M44ohRV0Pgj0CofFMy1l73XH2A==",
      "license": "Apache-2.0",
      "engines": {
        "node": ">=20"
      }
    },
    "node_modules/@arcjet/env": {
      "version": "1.0.0-beta.17",
      "resolved": "https://registry.npmjs.org/@arcjet/env/-/env-1.0.0-beta.17.tgz",
      "integrity": "sha512-63uvv6u8ZFK6vQFpn8NS3DQvLCnKvqKYoy9b9L89w2tnOav4YEdy6Cx5+eWH3oqJb8sZAyO89xpgvV18CXVRqQ==",
      "license": "Apache-2.0",
      "engines": {
        "node": ">=20"
      }
    },
    "node_modules/@arcjet/headers": {
      "version": "1.0.0-beta.17",
      "resolved": "https://registry.npmjs.org/@arcjet/headers/-/headers-1.0.0-beta.17.tgz",
      "integrity": "sha512-aijpaE43soAYHIYmYdMT95yvsgdvVqmltNiGxXbCqm8ubDj5UYy2iVJVC+uyIEV6oVx0RHt8GFFag+BTHB7GHQ==",
      "license": "Apache-2.0",
      "engines": {
        "node": ">=20"
      }
    },
    "node_modules/@arcjet/ip": {
      "version": "1.0.0-beta.17",
      "resolved": "https://registry.npmjs.org/@arcjet/ip/-/ip-1.0.0-beta.17.tgz",
      "integrity": "sha512-MGUwyDhLwehll/JCiysZqh+vyPVT0fzqfj12/oCt190sGVpiSReX3SvRCq/PgxkiK51y5FaBOqcTU1aZybfSrg==",
      "license": "Apache-2.0",
      "engines": {
        "node": ">=20"
      }
    },
    "node_modules/@arcjet/logger": {
      "version": "1.0.0-beta.17",
      "resolved": "https://registry.npmjs.org/@arcjet/logger/-/logger-1.0.0-beta.17.tgz",
      "integrity": "sha512-1k8QpATso81gSaAnFml0H82JKST147FK5bK2EG6vugMF2yjAGgEgWTzuxKCJxEEkbSGDe9JB+qqKvurn0LtzBg==",
      "license": "Apache-2.0",
      "dependencies": {
        "@arcjet/sprintf": "1.0.0-beta.17"
      },
      "engines": {
        "node": ">=20"
      }
    },
    "node_modules/@arcjet/node": {
      "version": "1.0.0-beta.17",
      "resolved": "https://registry.npmjs.org/@arcjet/node/-/node-1.0.0-beta.17.tgz",
      "integrity": "sha512-eHytsZT2T9yLO9FMK8f2SAMV64hrt0KDfa/qhaCYWMZbxySbNjCorR8RDP0Nax6eWRRBWQx0nhSzJl7ggo8yrg==",
      "license": "Apache-2.0",
      "dependencies": {
        "@arcjet/body": "1.0.0-beta.17",
        "@arcjet/env": "1.0.0-beta.17",
        "@arcjet/headers": "1.0.0-beta.17",
        "@arcjet/ip": "1.0.0-beta.17",
        "@arcjet/logger": "1.0.0-beta.17",
        "@arcjet/protocol": "1.0.0-beta.17",
        "@arcjet/transport": "1.0.0-beta.17",
        "arcjet": "1.0.0-beta.17"
      },
      "engines": {
        "node": ">=20"
      }
    },
    "node_modules/@arcjet/protocol": {
      "version": "1.0.0-beta.17",
      "resolved": "https://registry.npmjs.org/@arcjet/protocol/-/protocol-1.0.0-beta.17.tgz",
      "integrity": "sha512-2LzpRimpmEakinMGLZb9CCIHWqBfXACz8+8C3cMwqadOgIS8EL+6m5H7DGYE9I9i5kDRsMcr12UXo6aaFntIKg==",
      "license": "Apache-2.0",
      "dependencies": {
        "@arcjet/cache": "1.0.0-beta.17",
        "@bufbuild/protobuf": "1.10.1",
        "@connectrpc/connect": "1.6.1",
        "typeid-js": "1.2.0"
      },
      "engines": {
        "node": ">=20"
      }
    },
    "node_modules/@arcjet/runtime": {
      "version": "1.0.0-beta.17",
      "resolved": "https://registry.npmjs.org/@arcjet/runtime/-/runtime-1.0.0-beta.17.tgz",
      "integrity": "sha512-MGB6C9coMPb3skm4i5ZrPxqZx+oFEGtBkE+7147WlRodyfm53/ke2xfAV+3TAPg8QczyukQzarjigFkUmoNwFA==",
      "license": "Apache-2.0",
      "engines": {
        "node": ">=20"
      }
    },
    "node_modules/@arcjet/sprintf": {
      "version": "1.0.0-beta.17",
      "resolved": "https://registry.npmjs.org/@arcjet/sprintf/-/sprintf-1.0.0-beta.17.tgz",
      "integrity": "sha512-eBbSZG41Ak72cwfb4x63u5biL7P21xaIoEKIMRDBQdDrc0qhhx39MlKuaEN3mKTvkUjMuHtCPgof/UgzAKND/w==",
      "license": "Apache-2.0",
      "engines": {
        "node": ">=20"
      }
    },
    "node_modules/@arcjet/stable-hash": {
      "version": "1.0.0-beta.17",
      "resolved": "https://registry.npmjs.org/@arcjet/stable-hash/-/stable-hash-1.0.0-beta.17.tgz",
      "integrity": "sha512-bzHyaMRHIEIxZqyWncGo8AfQB7D6y+lg6uIqKmjl9UzETN1jeQT+bwWrfy87MuBc0SW3Q3LfiaXY+fHJwJBUHA==",
      "license": "Apache-2.0",
      "engines": {
        "node": ">=20"
      }
    },
    "node_modules/@arcjet/transport": {
      "version": "1.0.0-beta.17",
      "resolved": "https://registry.npmjs.org/@arcjet/transport/-/transport-1.0.0-beta.17.tgz",
      "integrity": "sha512-7l+0zPPMBb/Bk0Povbmk42F3ThEnycIVqceGADoc3anTMstADNVa4QgZkjAasl0oLkrFGUtZCmxz2KIlHzxHYQ==",
      "license": "Apache-2.0",
      "dependencies": {
        "@bufbuild/protobuf": "1.10.1",
        "@connectrpc/connect": "1.6.1",
        "@connectrpc/connect-node": "1.6.1",
        "@connectrpc/connect-web": "1.6.1"
      },
      "engines": {
        "node": ">=20"
      }
    },
    "node_modules/@bufbuild/protobuf": {
      "version": "1.10.1",
      "resolved": "https://registry.npmjs.org/@bufbuild/protobuf/-/protobuf-1.10.1.tgz",
      "integrity": "sha512-wJ8ReQbHxsAfXhrf9ixl0aYbZorRuOWpBNzm8pL8ftmSxQx/wnJD5Eg861NwJU/czy2VXFIebCeZnZrI9rktIQ==",
      "license": "(Apache-2.0 AND BSD-3-Clause)"
    },
    "node_modules/@connectrpc/connect": {
      "version": "1.6.1",
      "resolved": "https://registry.npmjs.org/@connectrpc/connect/-/connect-1.6.1.tgz",
      "integrity": "sha512-KchMDNtU4CDTdkyf0qG7ugJ6qHTOR/aI7XebYn3OTCNagaDYWiZUVKgRgwH79yeMkpNgvEUaXSK7wKjaBK9b/Q==",
      "license": "Apache-2.0",
      "peerDependencies": {
        "@bufbuild/protobuf": "^1.10.0"
      }
    },
    "node_modules/@connectrpc/connect-node": {
      "version": "1.6.1",
      "resolved": "https://registry.npmjs.org/@connectrpc/connect-node/-/connect-node-1.6.1.tgz",
      "integrity": "sha512-DxcD1wsF/aX9GegjAtl7VbpiZNjVJozy87VbaFoN6AF0Ln1Q757r5dgV59Gz0wmlk5f17txUsrEr1f2inlnnAg==",
      "license": "Apache-2.0",
      "dependencies": {
        "undici": "^5.28.4"
      },
      "engines": {
        "node": ">=16.0.0"
      },
      "peerDependencies": {
        "@bufbuild/protobuf": "^1.10.0",
        "@connectrpc/connect": "1.6.1"
      }
    },
    "node_modules/@connectrpc/connect-web": {
      "version": "1.6.1",
      "resolved": "https://registry.npmjs.org/@connectrpc/connect-web/-/connect-web-1.6.1.tgz",
      "integrity": "sha512-GVfxQOmt3TtgTaKeXLS/EA2IHa3nHxwe2BCHT7X0Q/0hohM+nP5DDnIItGEjGrGdt3LTTqWqE4s70N4h+qIMlQ==",
      "license": "Apache-2.0",
      "peerDependencies": {
        "@bufbuild/protobuf": "^1.10.0",
        "@connectrpc/connect": "1.6.1"
      }
    },
    "node_modules/@fastify/busboy": {
      "version": "2.1.1",
      "resolved": "https://registry.npmjs.org/@fastify/busboy/-/busboy-2.1.1.tgz",
      "integrity": "sha512-vBZP4NlzfOlerQTnba4aqZoMhE/a9HY7HRqoOPaETQcSQuWEIyZMHGfVu6w9wGtGK5fED5qRs2DteVCjOH60sA==",
      "license": "MIT",
      "engines": {
        "node": ">=14"
      }
    },
    "node_modules/arcjet": {
      "version": "1.0.0-beta.17",
      "resolved": "https://registry.npmjs.org/arcjet/-/arcjet-1.0.0-beta.17.tgz",
      "integrity": "sha512-7LA55aVHbRNnKGJt9x58MCy6ql0b7jkmx1mgX2CwqwcD4AvUfMm+ELvh0U68U6i6b8D7GODe5pcrEecHLDoyZg==",
      "license": "Apache-2.0",
      "dependencies": {
        "@arcjet/analyze": "1.0.0-beta.17",
        "@arcjet/cache": "1.0.0-beta.17",
        "@arcjet/duration": "1.0.0-beta.17",
        "@arcjet/headers": "1.0.0-beta.17",
        "@arcjet/protocol": "1.0.0-beta.17",
        "@arcjet/runtime": "1.0.0-beta.17",
        "@arcjet/stable-hash": "1.0.0-beta.17"
      },
      "engines": {
        "node": ">=20"
      }
    },
    "node_modules/node-fetch": {
      "version": "2.7.0",
      "resolved": "https://registry.npmjs.org/node-fetch/-/node-fetch-2.7.0.tgz",
      "integrity": "sha512-c4FRfUm/dbcWZ7U+1Wq0AwCyFL+3nt2bEw05wfxSz+DWpWsitgmSgYmy2dQdWyKC1694ELPqMs/YzUSNozLt8A==",
      "license": "MIT",
      "dependencies": {
        "whatwg-url": "^5.0.0"
      },
      "engines": {
        "node": "4.x || >=6.0.0"
      },
      "peerDependencies": {
        "encoding": "^0.1.0"
      },
      "peerDependenciesMeta": {
        "encoding": {
          "optional": true
        }
      }
    },
    "node_modules/tr46": {
      "version": "0.0.3",
      "resolved": "https://registry.npmjs.org/tr46/-/tr46-0.0.3.tgz",
      "integrity": "sha512-N3WMsuqV66lT30CrXNbEjx4GEwlow3v6rr4mCcv6prnfwhS01rkgyFdjPNBYd9br7LpXV1+Emh01fHnq2Gdgrw==",
      "license": "MIT"
    },
    "node_modules/typeid-js": {
      "version": "1.2.0",
      "resolved": "https://registry.npmjs.org/typeid-js/-/typeid-js-1.2.0.tgz",
      "integrity": "sha512-t76ZucAnvGC60ea/HjVsB0TSoB0cw9yjnfurUgtInXQWUI/VcrlZGpO23KN3iSe8yOGUgb1zr7W7uEzJ3hSljA==",
      "license": "Apache-2.0",
      "dependencies": {
        "uuid": "^10.0.0"
      }
    },
    "node_modules/undici": {
      "version": "5.29.0",
      "resolved": "https://registry.npmjs.org/undici/-/undici-5.29.0.tgz",
      "integrity": "sha512-raqeBD6NQK4SkWhQzeYKd1KmIG6dllBOTt55Rmkt4HtI9mwdWtJljnrXjAFUBLTSN67HWrOIZ3EPF4kjUw80Bg==",
      "license": "MIT",
      "dependencies": {
        "@fastify/busboy": "^2.0.0"
      },
      "engines": {
        "node": ">=14.0"
      }
    },
    "node_modules/uuid": {
      "version": "10.0.0",
      "resolved": "https://registry.npmjs.org/uuid/-/uuid-10.0.0.tgz",
      "integrity": "sha512-8XkAphELsDnEGrDxUOHB3RGvXz6TeuYSGEZBOjtTtPm2lwhGBjLgOzLHB63IUWfBpNucQjND6d3AOudO+H3RWQ==",
      "funding": [
        "https://github.com/sponsors/broofa",
        "https://github.com/sponsors/ctavan"
      ],
      "license": "MIT",
      "bin": {
        "uuid": "dist/bin/uuid"
      }
    },
    "node_modules/webidl-conversions": {
      "version": "3.0.1",
      "resolved": "https://registry.npmjs.org/webidl-conversions/-/webidl-conversions-3.0.1.tgz",
      "integrity": "sha512-2JAn3z8AR6rjK8Sm8orRC0h/bcl/DqL7tRPdGZ4I1CjdF+EaMLmYxBHyXuKL849eucPFhvBoxMsflfOb8kxaeQ==",
      "license": "BSD-2-Clause"
    },
    "node_modules/whatwg-url": {
      "version": "5.0.0",
      "resolved": "https://registry.npmjs.org/whatwg-url/-/whatwg-url-5.0.0.tgz",
      "integrity": "sha512-saE57nupxk6v3HY35+jzBwYa0rKSy0XR8JSxZPwgLr7ys0IBzhGviA1/TUGJLmSVqs8pb9AnvICXEuOHLprYTw==",
      "license": "MIT",
      "dependencies": {
        "tr46": "~0.0.3",
        "webidl-conversions": "^3.0.0"
      }
    }
  }
}
